
Microsoft Visual Studio Solution File, Format Version 12.00
# Visual Studio 2013
VisualStudioVersion = 12.0.21005.1
MinimumVisualStudioVersion = 10.0.40219.1
Project("{FAE04EC0-301F-11D3-BF4B-00C04F79EFBC}") = "WpfApplication1", "WpfApplication1\WpfApplication1.csproj", "{94FEC0C5-3B03-424A-81EE-11BF3BF106CB}"
EndProject
Global
	GlobalSection(SolutionConfigurationPlatforms) = preSolution
		Debug|Any CPU = Debug|Any CPU
		Release|Any CPU = Release|Any CPU
	EndGlobalSection
	GlobalSection(ProjectConfigurationPlatforms) = postSolution
		{94FEC0C5-3B03-424A-81EE-11BF3BF106CB}.Debug|Any CPU.ActiveCfg = Debug|Any CPU
		{94FEC0C5-3B03-424A-81EE-11BF3BF106CB}.Debug|Any CPU.Build.0 = Debug|Any CPU
		{94FEC0C5-3B03-424A-81EE-11BF3BF106CB}.Release|Any CPU.ActiveCfg = Release|Any CPU
		{94FEC0C5-3B03-424A-81EE-11BF3BF106CB}.Release|Any CPU.Build.0 = Release|Any CPU
	EndGlobalSection
	GlobalSection(SolutionProperties) = preSolution
		HideSolutionNode = FALSE
	EndGlobalSection
EndGlobal
